<?xml version="1.0" encoding="utf-8"?>
<Project ToolsVersion="4.0" xmlns="http://schemas.microsoft.com/developer/msbuild/2003">
  <ItemGroup>
    <Filter Include="Source Files">
      <UniqueIdentifier>{4FC737F1-C7A5-4376-A066-2A32D752A2FF}</UniqueIdentifier>
      <Extensions>cpp;c;cc;cxx;c++;cppm;ixx;def;odl;idl;hpj;bat;asm;asmx</Extensions>
    </Filter>
    <Filter Include="Header Files">
      <UniqueIdentifier>{93995380-89BD-4b04-88EB-625FBE52EBFB}</UniqueIdentifier>
      <Extensions>h;hh;hpp;hxx;h++;hm;inl;inc;ipp;xsd</Extensions>
    </Filter>
    <Filter Include="Resource Files">
      <UniqueIdentifier>{67DA6AB6-F800-4c08-8B7A-83BB121AAD01}</UniqueIdentifier>
      <Extensions>rc;ico;cur;bmp;dlg;rc2;rct;bin;rgs;gif;jpg;jpeg;jpe;resx;tiff;tif;png;wav;mfcribbon-ms</Extensions>
    </Filter>
    <Filter Include="GameFiles">
      <UniqueIdentifier>{de8e8166-1faa-4bd7-9f3c-c3bb92c40d30}</UniqueIdentifier>
    </Filter>
    <Filter Include="GameFiles\Server">
      <UniqueIdentifier>{1ac02ebc-4a21-470e-b721-d51aecb4eea1}</UniqueIdentifier>
    </Filter>
    <Filter Include="GameFiles\Cooking">
      <UniqueIdentifier>{7a6f283b-d5c3-4e2a-8bf3-5192f8bae37b}</UniqueIdentifier>
    </Filter>
    <Filter Include="GameFiles\Client">
      <UniqueIdentifier>{c5d41b11-716a-479a-bd81-0c4bcf34b6f4}</UniqueIdentifier>
    </Filter>
    <Filter Include="Core">
      <UniqueIdentifier>{3b65b539-cc25-49db-aaf6-733f6c1b28d6}</UniqueIdentifier>
    </Filter>
    <Filter Include="Core\Networking">
      <UniqueIdentifier>{128cd1f1-94e8-4ecf-8ee6-269d80a3ee39}</UniqueIdentifier>
    </Filter>
    <Filter Include="Core\UI">
      <UniqueIdentifier>{db45a4a3-cb08-4c2d-ace0-c5b39dfcdd26}</UniqueIdentifier>
    </Filter>
    <Filter Include="Core\Rendering">
      <UniqueIdentifier>{9f728491-cbbd-440e-9326-e4f3966def07}</UniqueIdentifier>
    </Filter>
    <Filter Include="Core\TestUI">
      <UniqueIdentifier>{8ca9e70b-4a3d-4ed1-a857-ace0decd6c96}</UniqueIdentifier>
    </Filter>
  </ItemGroup>
  <ItemGroup>
    <ClCompile Include="Main.cpp">
      <Filter>Source Files</Filter>
    </ClCompile>
    <ClCompile Include="Server.cpp">
      <Filter>GameFiles\Server</Filter>
    </ClCompile>
    <ClCompile Include="Client.cpp">
      <Filter>GameFiles\Client</Filter>
    </ClCompile>
    <ClCompile Include="GameManager.cpp">
      <Filter>Core</Filter>
    </ClCompile>
    <ClCompile Include="GameState.cpp">
      <Filter>Core</Filter>
    </ClCompile>
    <ClCompile Include="NetworkUtilities.cpp">
      <Filter>Core\Networking</Filter>
    </ClCompile>
    <ClCompile Include="HostState.cpp">
      <Filter>Core\Networking</Filter>
    </ClCompile>
    <ClCompile Include="NonHostState.cpp">
      <Filter>Core\Networking</Filter>
    </ClCompile>
    <ClCompile Include="UIState.cpp">
      <Filter>Core\UI</Filter>
    </ClCompile>
    <ClCompile Include="UIElement.cpp">
      <Filter>Core\UI</Filter>
    </ClCompile>
    <ClCompile Include="Renderable.cpp">
      <Filter>Core\Rendering</Filter>
    </ClCompile>
    <ClCompile Include="TestUI.cpp">
      <Filter>Core\TestUI</Filter>
    </ClCompile>
    <ClCompile Include="ExtraSoupState.cpp">
      <Filter>Core</Filter>
    </ClCompile>
  </ItemGroup>
  <ItemGroup>
    <ClInclude Include="Server.h">
      <Filter>GameFiles\Server</Filter>
    </ClInclude>
    <ClInclude Include="Client.h">
      <Filter>GameFiles\Client</Filter>
    </ClInclude>
    <ClInclude Include="GameManager.h">
      <Filter>Core</Filter>
    </ClInclude>
    <ClInclude Include="GameState.h">
      <Filter>Core</Filter>
    </ClInclude>
    <ClInclude Include="HostState.h">
      <Filter>Core\Networking</Filter>
    </ClInclude>
    <ClInclude Include="NetworkUtilities.h">
      <Filter>Core\Networking</Filter>
    </ClInclude>
    <ClInclude Include="NonHostState.h">
      <Filter>Core\Networking</Filter>
    </ClInclude>
    <ClInclude Include="UIState.h">
      <Filter>Core\UI</Filter>
    </ClInclude>
    <ClInclude Include="UIElement.h">
      <Filter>Core\UI</Filter>
    </ClInclude>
    <ClInclude Include="Renderable.h">
      <Filter>Core\Rendering</Filter>
    </ClInclude>
    <ClInclude Include="ScreenHelper.h">
      <Filter>Core</Filter>
    </ClInclude>
    <ClInclude Include="TestUI.h">
      <Filter>Core\TestUI</Filter>
    </ClInclude>
    <ClInclude Include="ExtraSoupState.h">
      <Filter>Core</Filter>
    </ClInclude>
  </ItemGroup>
</Project>